// !$*UTF8*$!
{
	archiveVersion = 1;
	classes = {
	};
	objectVersion = 48;
	objects = {

/* Begin PBXBuildFile section */
		B4647CD221F5122000DF7E04 /* ListBeersInteractor.swift in Sources */ = {isa = PBXBuildFile; fileRef = B4647CD121F5122000DF7E04 /* ListBeersInteractor.swift */; };
		B4647CD421F512D500DF7E04 /* ListBeersPresenter.swift in Sources */ = {isa = PBXBuildFile; fileRef = B4647CD321F512D500DF7E04 /* ListBeersPresenter.swift */; };
		B4647CD621F512EF00DF7E04 /* ListBeersRouter.swift in Sources */ = {isa = PBXBuildFile; fileRef = B4647CD521F512EF00DF7E04 /* ListBeersRouter.swift */; };
		B4647CD821F5439900DF7E04 /* DetailsBeerViewController.swift in Sources */ = {isa = PBXBuildFile; fileRef = B4647CD721F5439900DF7E04 /* DetailsBeerViewController.swift */; };
		B4647CDA21F543A800DF7E04 /* DetailsBeerInteractor.swift in Sources */ = {isa = PBXBuildFile; fileRef = B4647CD921F543A800DF7E04 /* DetailsBeerInteractor.swift */; };
		B4647CDC21F543B700DF7E04 /* DetailsBeerPresenter.swift in Sources */ = {isa = PBXBuildFile; fileRef = B4647CDB21F543B700DF7E04 /* DetailsBeerPresenter.swift */; };
		B493255821F429BB00340800 /* AppDelegate.swift in Sources */ = {isa = PBXBuildFile; fileRef = B493255721F429BB00340800 /* AppDelegate.swift */; };
		B493255A21F429BB00340800 /* ListBeersViewController.swift in Sources */ = {isa = PBXBuildFile; fileRef = B493255921F429BB00340800 /* ListBeersViewController.swift */; };
		B493255F21F429BB00340800 /* Assets.xcassets in Resources */ = {isa = PBXBuildFile; fileRef = B493255E21F429BB00340800 /* Assets.xcassets */; };
		B493256221F429BB00340800 /* LaunchScreen.storyboard in Resources */ = {isa = PBXBuildFile; fileRef = B493256021F429BB00340800 /* LaunchScreen.storyboard */; };
		B493256B21F430BE00340800 /* Beer.swift in Sources */ = {isa = PBXBuildFile; fileRef = B493256A21F430BE00340800 /* Beer.swift */; };
		B493256E21F4358B00340800 /* BeersWorker.swift in Sources */ = {isa = PBXBuildFile; fileRef = B493256D21F4358B00340800 /* BeersWorker.swift */; };
		B493257021F43A5C00340800 /* Endpoints.swift in Sources */ = {isa = PBXBuildFile; fileRef = B493256F21F43A5C00340800 /* Endpoints.swift */; };
		B493257521F43B7C00340800 /* ListBeersModels.swift in Sources */ = {isa = PBXBuildFile; fileRef = B493257421F43B7C00340800 /* ListBeersModels.swift */; };
		B493257B21F4E73000340800 /* DetailsBeerModels.swift in Sources */ = {isa = PBXBuildFile; fileRef = B493257A21F4E73000340800 /* DetailsBeerModels.swift */; };
		B493257E21F5015C00340800 /* ListBeersCell.swift in Sources */ = {isa = PBXBuildFile; fileRef = B493257D21F5015C00340800 /* ListBeersCell.swift */; };
		B493258221F505AB00340800 /* Main.storyboard in Resources */ = {isa = PBXBuildFile; fileRef = B493258121F505AB00340800 /* Main.storyboard */; };
		DD4620A61915C6F5756ED7EA /* Pods_iBeer.framework in Frameworks */ = {isa = PBXBuildFile; fileRef = B6A5215B86BA14F87899071F /* Pods_iBeer.framework */; };
/* End PBXBuildFile section */

/* Begin PBXFileReference section */
		014794AB019AEA8FA9828EA2 /* Pods-iBeer.debug.xcconfig */ = {isa = PBXFileReference; includeInIndex = 1; lastKnownFileType = text.xcconfig; name = "Pods-iBeer.debug.xcconfig"; path = "Pods/Target Support Files/Pods-iBeer/Pods-iBeer.debug.xcconfig"; sourceTree = "<group>"; };
		AF0EBDB32B397FA8ACEBD24C /* Pods-iBeer.release.xcconfig */ = {isa = PBXFileReference; includeInIndex = 1; lastKnownFileType = text.xcconfig; name = "Pods-iBeer.release.xcconfig"; path = "Pods/Target Support Files/Pods-iBeer/Pods-iBeer.release.xcconfig"; sourceTree = "<group>"; };
		B4647CD121F5122000DF7E04 /* ListBeersInteractor.swift */ = {isa = PBXFileReference; lastKnownFileType = sourcecode.swift; path = ListBeersInteractor.swift; sourceTree = "<group>"; };
		B4647CD321F512D500DF7E04 /* ListBeersPresenter.swift */ = {isa = PBXFileReference; lastKnownFileType = sourcecode.swift; path = ListBeersPresenter.swift; sourceTree = "<group>"; };
		B4647CD521F512EF00DF7E04 /* ListBeersRouter.swift */ = {isa = PBXFileReference; lastKnownFileType = sourcecode.swift; path = ListBeersRouter.swift; sourceTree = "<group>"; };
		B4647CD721F5439900DF7E04 /* DetailsBeerViewController.swift */ = {isa = PBXFileReference; lastKnownFileType = sourcecode.swift; path = DetailsBeerViewController.swift; sourceTree = "<group>"; };
		B4647CD921F543A800DF7E04 /* DetailsBeerInteractor.swift */ = {isa = PBXFileReference; lastKnownFileType = sourcecode.swift; path = DetailsBeerInteractor.swift; sourceTree = "<group>"; };
		B4647CDB21F543B700DF7E04 /* DetailsBeerPresenter.swift */ = {isa = PBXFileReference; lastKnownFileType = sourcecode.swift; path = DetailsBeerPresenter.swift; sourceTree = "<group>"; };
		B493255421F429BB00340800 /* iBeer.app */ = {isa = PBXFileReference; explicitFileType = wrapper.application; includeInIndex = 0; path = iBeer.app; sourceTree = BUILT_PRODUCTS_DIR; };
		B493255721F429BB00340800 /* AppDelegate.swift */ = {isa = PBXFileReference; lastKnownFileType = sourcecode.swift; path = AppDelegate.swift; sourceTree = "<group>"; };
		B493255921F429BB00340800 /* ListBeersViewController.swift */ = {isa = PBXFileReference; lastKnownFileType = sourcecode.swift; path = ListBeersViewController.swift; sourceTree = "<group>"; };
		B493255E21F429BB00340800 /* Assets.xcassets */ = {isa = PBXFileReference; lastKnownFileType = folder.assetcatalog; path = Assets.xcassets; sourceTree = "<group>"; };
		B493256121F429BB00340800 /* Base */ = {isa = PBXFileReference; lastKnownFileType = file.storyboard; name = Base; path = Base.lproj/LaunchScreen.storyboard; sourceTree = "<group>"; };
		B493256321F429BB00340800 /* Info.plist */ = {isa = PBXFileReference; lastKnownFileType = text.plist.xml; path = Info.plist; sourceTree = "<group>"; };
		B493256A21F430BE00340800 /* Beer.swift */ = {isa = PBXFileReference; lastKnownFileType = sourcecode.swift; path = Beer.swift; sourceTree = "<group>"; };
		B493256D21F4358B00340800 /* BeersWorker.swift */ = {isa = PBXFileReference; lastKnownFileType = sourcecode.swift; path = BeersWorker.swift; sourceTree = "<group>"; };
		B493256F21F43A5C00340800 /* Endpoints.swift */ = {isa = PBXFileReference; lastKnownFileType = sourcecode.swift; path = Endpoints.swift; sourceTree = "<group>"; };
		B493257421F43B7C00340800 /* ListBeersModels.swift */ = {isa = PBXFileReference; lastKnownFileType = sourcecode.swift; path = ListBeersModels.swift; sourceTree = "<group>"; };
		B493257A21F4E73000340800 /* DetailsBeerModels.swift */ = {isa = PBXFileReference; lastKnownFileType = sourcecode.swift; path = DetailsBeerModels.swift; sourceTree = "<group>"; };
		B493257D21F5015C00340800 /* ListBeersCell.swift */ = {isa = PBXFileReference; lastKnownFileType = sourcecode.swift; path = ListBeersCell.swift; sourceTree = "<group>"; };
		B493258121F505AB00340800 /* Main.storyboard */ = {isa = PBXFileReference; lastKnownFileType = file.storyboard; path = Main.storyboard; sourceTree = "<group>"; };
		B6A5215B86BA14F87899071F /* Pods_iBeer.framework */ = {isa = PBXFileReference; explicitFileType = wrapper.framework; includeInIndex = 0; path = Pods_iBeer.framework; sourceTree = BUILT_PRODUCTS_DIR; };
/* End PBXFileReference section */

/* Begin PBXFrameworksBuildPhase section */
		B493255121F429BB00340800 /* Frameworks */ = {
			isa = PBXFrameworksBuildPhase;
			buildActionMask = 2147483647;
			files = (
				DD4620A61915C6F5756ED7EA /* Pods_iBeer.framework in Frameworks */,
			);
			runOnlyForDeploymentPostprocessing = 0;
		};
/* End PBXFrameworksBuildPhase section */

/* Begin PBXGroup section */
		568F5795808879BB2235F55D /* Frameworks */ = {
			isa = PBXGroup;
			children = (
				B6A5215B86BA14F87899071F /* Pods_iBeer.framework */,
			);
			name = Frameworks;
			sourceTree = "<group>";
		};
		B493254B21F429BB00340800 = {
			isa = PBXGroup;
			children = (
				B493255621F429BB00340800 /* iBeer */,
				B493255521F429BB00340800 /* Products */,
				E7EC5B9649C32241B087B401 /* Pods */,
				568F5795808879BB2235F55D /* Frameworks */,
			);
			sourceTree = "<group>";
		};
		B493255521F429BB00340800 /* Products */ = {
			isa = PBXGroup;
			children = (
				B493255421F429BB00340800 /* iBeer.app */,
			);
			name = Products;
			sourceTree = "<group>";
		};
		B493255621F429BB00340800 /* iBeer */ = {
			isa = PBXGroup;
			children = (
				B493256C21F4347200340800 /* Workers */,
				B493256921F4302B00340800 /* Models */,
				B493257121F43B0A00340800 /* Scenes */,
				B493255721F429BB00340800 /* AppDelegate.swift */,
				B493258121F505AB00340800 /* Main.storyboard */,
				B493255E21F429BB00340800 /* Assets.xcassets */,
				B493256021F429BB00340800 /* LaunchScreen.storyboard */,
				B493256321F429BB00340800 /* Info.plist */,
			);
			path = iBeer;
			sourceTree = "<group>";
		};
		B493256921F4302B00340800 /* Models */ = {
			isa = PBXGroup;
			children = (
				B493256A21F430BE00340800 /* Beer.swift */,
			);
			path = Models;
			sourceTree = "<group>";
		};
		B493256C21F4347200340800 /* Workers */ = {
			isa = PBXGroup;
			children = (
				B493256D21F4358B00340800 /* BeersWorker.swift */,
				B493256F21F43A5C00340800 /* Endpoints.swift */,
			);
			path = Workers;
			sourceTree = "<group>";
		};
		B493257121F43B0A00340800 /* Scenes */ = {
			isa = PBXGroup;
			children = (
				B493257321F43B2D00340800 /* DetailsBeer */,
				B493257221F43B1B00340800 /* ListBeers */,
			);
			path = Scenes;
			sourceTree = "<group>";
		};
		B493257221F43B1B00340800 /* ListBeers */ = {
			isa = PBXGroup;
			children = (
				B493257C21F5012B00340800 /* Views */,
				B493257421F43B7C00340800 /* ListBeersModels.swift */,
				B493255921F429BB00340800 /* ListBeersViewController.swift */,
				B4647CD321F512D500DF7E04 /* ListBeersPresenter.swift */,
				B4647CD121F5122000DF7E04 /* ListBeersInteractor.swift */,
				B4647CD521F512EF00DF7E04 /* ListBeersRouter.swift */,
			);
			path = ListBeers;
			sourceTree = "<group>";
		};
		B493257321F43B2D00340800 /* DetailsBeer */ = {
			isa = PBXGroup;
			children = (
				B493257A21F4E73000340800 /* DetailsBeerModels.swift */,
				B4647CD721F5439900DF7E04 /* DetailsBeerViewController.swift */,
				B4647CD921F543A800DF7E04 /* DetailsBeerInteractor.swift */,
				B4647CDB21F543B700DF7E04 /* DetailsBeerPresenter.swift */,
			);
			path = DetailsBeer;
			sourceTree = "<group>";
		};
		B493257C21F5012B00340800 /* Views */ = {
			isa = PBXGroup;
			children = (
				B493257D21F5015C00340800 /* ListBeersCell.swift */,
			);
			path = Views;
			sourceTree = "<group>";
		};
		E7EC5B9649C32241B087B401 /* Pods */ = {
			isa = PBXGroup;
			children = (
				014794AB019AEA8FA9828EA2 /* Pods-iBeer.debug.xcconfig */,
				AF0EBDB32B397FA8ACEBD24C /* Pods-iBeer.release.xcconfig */,
			);
			name = Pods;
			sourceTree = "<group>";
		};
/* End PBXGroup section */

/* Begin PBXNativeTarget section */
		B493255321F429BB00340800 /* iBeer */ = {
			isa = PBXNativeTarget;
			buildConfigurationList = B493256621F429BB00340800 /* Build configuration list for PBXNativeTarget "iBeer" */;
			buildPhases = (
				3FC380B2EEEACBC5382CF558 /* [CP] Check Pods Manifest.lock */,
				B493255021F429BB00340800 /* Sources */,
				B493255121F429BB00340800 /* Frameworks */,
				B493255221F429BB00340800 /* Resources */,
				32816BB25214B3AC1A3019EA /* [CP] Embed Pods Frameworks */,
			);
			buildRules = (
			);
			dependencies = (
			);
			name = iBeer;
			productName = iBeer;
			productReference = B493255421F429BB00340800 /* iBeer.app */;
			productType = "com.apple.product-type.application";
		};
/* End PBXNativeTarget section */

/* Begin PBXProject section */
		B493254C21F429BB00340800 /* Project object */ = {
			isa = PBXProject;
			attributes = {
				LastSwiftUpdateCheck = 0920;
				LastUpgradeCheck = 0920;
				ORGANIZATIONNAME = "Jefferson Martins de Sá";
				TargetAttributes = {
					B493255321F429BB00340800 = {
						CreatedOnToolsVersion = 9.2;
						ProvisioningStyle = Automatic;
					};
				};
			};
			buildConfigurationList = B493254F21F429BB00340800 /* Build configuration list for PBXProject "iBeer" */;
			compatibilityVersion = "Xcode 8.0";
			developmentRegion = en;
			hasScannedForEncodings = 0;
			knownRegions = (
				en,
				Base,
			);
			mainGroup = B493254B21F429BB00340800;
			productRefGroup = B493255521F429BB00340800 /* Products */;
			projectDirPath = "";
			projectRoot = "";
			targets = (
				B493255321F429BB00340800 /* iBeer */,
			);
		};
/* End PBXProject section */

/* Begin PBXResourcesBuildPhase section */
		B493255221F429BB00340800 /* Resources */ = {
			isa = PBXResourcesBuildPhase;
			buildActionMask = 2147483647;
			files = (
				B493256221F429BB00340800 /* LaunchScreen.storyboard in Resources */,
				B493255F21F429BB00340800 /* Assets.xcassets in Resources */,
				B493258221F505AB00340800 /* Main.storyboard in Resources */,
			);
			runOnlyForDeploymentPostprocessing = 0;
		};
/* End PBXResourcesBuildPhase section */

/* Begin PBXShellScriptBuildPhase section */
		32816BB25214B3AC1A3019EA /* [CP] Embed Pods Frameworks */ = {
			isa = PBXShellScriptBuildPhase;
			buildActionMask = 2147483647;
			files = (
			);
			inputPaths = (
				"${SRCROOT}/Pods/Target Support Files/Pods-iBeer/Pods-iBeer-frameworks.sh",
				"${BUILT_PRODUCTS_DIR}/Alamofire/Alamofire.framework",
				"${BUILT_PRODUCTS_DIR}/AlamofireImage/AlamofireImage.framework",
				"${BUILT_PRODUCTS_DIR}/AlamofireObjectMapper/AlamofireObjectMapper.framework",
				"${BUILT_PRODUCTS_DIR}/ObjectMapper/ObjectMapper.framework",
			);
			name = "[CP] Embed Pods Frameworks";
			outputPaths = (
				"${TARGET_BUILD_DIR}/${FRAMEWORKS_FOLDER_PATH}/Alamofire.framework",
				"${TARGET_BUILD_DIR}/${FRAMEWORKS_FOLDER_PATH}/AlamofireImage.framework",
				"${TARGET_BUILD_DIR}/${FRAMEWORKS_FOLDER_PATH}/AlamofireObjectMapper.framework",
				"${TARGET_BUILD_DIR}/${FRAMEWORKS_FOLDER_PATH}/ObjectMapper.framework",
			);
			runOnlyForDeploymentPostprocessing = 0;
			shellPath = /bin/sh;
			shellScript = "\"${SRCROOT}/Pods/Target Support Files/Pods-iBeer/Pods-iBeer-frameworks.sh\"\n";
			showEnvVarsInLog = 0;
		};
		3FC380B2EEEACBC5382CF558 /* [CP] Check Pods Manifest.lock */ = {
			isa = PBXShellScriptBuildPhase;
			buildActionMask = 2147483647;
			files = (
			);
			inputPaths = (
				"${PODS_PODFILE_DIR_PATH}/Podfile.lock",
				"${PODS_ROOT}/Manifest.lock",
			);
			name = "[CP] Check Pods Manifest.lock";
			outputPaths = (
				"$(DERIVED_FILE_DIR)/Pods-iBeer-checkManifestLockResult.txt",
			);
			runOnlyForDeploymentPostprocessing = 0;
			shellPath = /bin/sh;
			shellScript = "diff \"${PODS_PODFILE_DIR_PATH}/Podfile.lock\" \"${PODS_ROOT}/Manifest.lock\" > /dev/null\nif [ $? != 0 ] ; then\n    # print error to STDERR\n    echo \"error: The sandbox is not in sync with the Podfile.lock. Run 'pod install' or update your CocoaPods installation.\" >&2\n    exit 1\nfi\n# This output is used by Xcode 'outputs' to avoid re-running this script phase.\necho \"SUCCESS\" > \"${SCRIPT_OUTPUT_FILE_0}\"\n";
			showEnvVarsInLog = 0;
		};
/* End PBXShellScriptBuildPhase section */

/* Begin PBXSourcesBuildPhase section */
		B493255021F429BB00340800 /* Sources */ = {
			isa = PBXSourcesBuildPhase;
			buildActionMask = 2147483647;
			files = (
				B4647CD621F512EF00DF7E04 /* ListBeersRouter.swift in Sources */,
				B4647CDC21F543B700DF7E04 /* DetailsBeerPresenter.swift in Sources */,
				B493255A21F429BB00340800 /* ListBeersViewController.swift in Sources */,
				B493257521F43B7C00340800 /* ListBeersModels.swift in Sources */,
				B493256B21F430BE00340800 /* Beer.swift in Sources */,
				B4647CD221F5122000DF7E04 /* ListBeersInteractor.swift in Sources */,
				B493257E21F5015C00340800 /* ListBeersCell.swift in Sources */,
				B493255821F429BB00340800 /* AppDelegate.swift in Sources */,
				B493256E21F4358B00340800 /* BeersWorker.swift in Sources */,
				B493257021F43A5C00340800 /* Endpoints.swift in Sources */,
				B4647CD821F5439900DF7E04 /* DetailsBeerViewController.swift in Sources */,
				B4647CDA21F543A800DF7E04 /* DetailsBeerInteractor.swift in Sources */,
				B4647CD421F512D500DF7E04 /* ListBeersPresenter.swift in Sources */,
				B493257B21F4E73000340800 /* DetailsBeerModels.swift in Sources */,
			);
			runOnlyForDeploymentPostprocessing = 0;
		};
/* End PBXSourcesBuildPhase section */

/* Begin PBXVariantGroup section */
		B493256021F429BB00340800 /* LaunchScreen.storyboard */ = {
			isa = PBXVariantGroup;
			children = (
				B493256121F429BB00340800 /* Base */,
			);
			name = LaunchScreen.storyboard;
			sourceTree = "<group>";
		};
/* End PBXVariantGroup section */

/* Begin XCBuildConfiguration section */
		B493256421F429BB00340800 /* Debug */ = {
			isa = XCBuildConfiguration;
			buildSettings = {
				ALWAYS_SEARCH_USER_PATHS = NO;
				CLANG_ANALYZER_NONNULL = YES;
				CLANG_ANALYZER_NUMBER_OBJECT_CONVERSION = YES_AGGRESSIVE;
				CLANG_CXX_LANGUAGE_STANDARD = "gnu++14";
				CLANG_CXX_LIBRARY = "libc++";
				CLANG_ENABLE_MODULES = YES;
				CLANG_ENABLE_OBJC_ARC = YES;
				CLANG_WARN_BLOCK_CAPTURE_AUTORELEASING = YES;
				CLANG_WARN_BOOL_CONVERSION = YES;
				CLANG_WARN_COMMA = YES;
				CLANG_WARN_CONSTANT_CONVERSION = YES;
				CLANG_WARN_DIRECT_OBJC_ISA_USAGE = YES_ERROR;
				CLANG_WARN_DOCUMENTATION_COMMENTS = YES;
				CLANG_WARN_EMPTY_BODY = YES;
				CLANG_WARN_ENUM_CONVERSION = YES;
				CLANG_WARN_INFINITE_RECURSION = YES;
				CLANG_WARN_INT_CONVERSION = YES;
				CLANG_WARN_NON_LITERAL_NULL_CONVERSION = YES;
				CLANG_WARN_OBJC_LITERAL_CONVERSION = YES;
				CLANG_WARN_OBJC_ROOT_CLASS = YES_ERROR;
				CLANG_WARN_RANGE_LOOP_ANALYSIS = YES;
				CLANG_WARN_STRICT_PROTOTYPES = YES;
				CLANG_WARN_SUSPICIOUS_MOVE = YES;
				CLANG_WARN_UNGUARDED_AVAILABILITY = YES_AGGRESSIVE;
				CLANG_WARN_UNREACHABLE_CODE = YES;
				CLANG_WARN__DUPLICATE_METHOD_MATCH = YES;
				CODE_SIGN_IDENTITY = "iPhone Developer";
				COPY_PHASE_STRIP = NO;
				DEBUG_INFORMATION_FORMAT = dwarf;
				ENABLE_STRICT_OBJC_MSGSEND = YES;
				ENABLE_TESTABILITY = YES;
				GCC_C_LANGUAGE_STANDARD = gnu11;
				GCC_DYNAMIC_NO_PIC = NO;
				GCC_NO_COMMON_BLOCKS = YES;
				GCC_OPTIMIZATION_LEVEL = 0;
				GCC_PREPROCESSOR_DEFINITIONS = (
					"DEBUG=1",
					"$(inherited)",
				);
				GCC_WARN_64_TO_32_BIT_CONVERSION = YES;
				GCC_WARN_ABOUT_RETURN_TYPE = YES_ERROR;
				GCC_WARN_UNDECLARED_SELECTOR = YES;
				GCC_WARN_UNINITIALIZED_AUTOS = YES_AGGRESSIVE;
				GCC_WARN_UNUSED_FUNCTION = YES;
				GCC_WARN_UNUSED_VARIABLE = YES;
				IPHONEOS_DEPLOYMENT_TARGET = 11.2;
				MTL_ENABLE_DEBUG_INFO = YES;
				ONLY_ACTIVE_ARCH = YES;
				SDKROOT = iphoneos;
				SWIFT_ACTIVE_COMPILATION_CONDITIONS = DEBUG;
				SWIFT_OPTIMIZATION_LEVEL = "-Onone";
			};
			name = Debug;
		};
		B493256521F429BB00340800 /* Release */ = {
			isa = XCBuildConfiguration;
			buildSettings = {
				ALWAYS_SEARCH_USER_PATHS = NO;
				CLANG_ANALYZER_NONNULL = YES;
				CLANG_ANALYZER_NUMBER_OBJECT_CONVERSION = YES_AGGRESSIVE;
				CLANG_CXX_LANGUAGE_STANDARD = "gnu++14";
				CLANG_CXX_LIBRARY = "libc++";
				CLANG_ENABLE_MODULES = YES;
				CLANG_ENABLE_OBJC_ARC = YES;
				CLANG_WARN_BLOCK_CAPTURE_AUTORELEASING = YES;
				CLANG_WARN_BOOL_CONVERSION = YES;
				CLANG_WARN_COMMA = YES;
				CLANG_WARN_CONSTANT_CONVERSION = YES;
				CLANG_WARN_DIRECT_OBJC_ISA_USAGE = YES_ERROR;
				CLANG_WARN_DOCUMENTATION_COMMENTS = YES;
				CLANG_WARN_EMPTY_BODY = YES;
				CLANG_WARN_ENUM_CONVERSION = YES;
				CLANG_WARN_INFINITE_RECURSION = YES;
				CLANG_WARN_INT_CONVERSION = YES;
				CLANG_WARN_NON_LITERAL_NULL_CONVERSION = YES;
				CLANG_WARN_OBJC_LITERAL_CONVERSION = YES;
				CLANG_WARN_OBJC_ROOT_CLASS = YES_ERROR;
				CLANG_WARN_RANGE_LOOP_ANALYSIS = YES;
				CLANG_WARN_STRICT_PROTOTYPES = YES;
				CLANG_WARN_SUSPICIOUS_MOVE = YES;
				CLANG_WARN_UNGUARDED_AVAILABILITY = YES_AGGRESSIVE;
				CLANG_WARN_UNREACHABLE_CODE = YES;
				CLANG_WARN__DUPLICATE_METHOD_MATCH = YES;
				CODE_SIGN_IDENTITY = "iPhone Developer";
				COPY_PHASE_STRIP = NO;
				DEBUG_INFORMATION_FORMAT = "dwarf-with-dsym";
				ENABLE_NS_ASSERTIONS = NO;
				ENABLE_STRICT_OBJC_MSGSEND = YES;
				GCC_C_LANGUAGE_STANDARD = gnu11;
				GCC_NO_COMMON_BLOCKS = YES;
				GCC_WARN_64_TO_32_BIT_CONVERSION = YES;
				GCC_WARN_ABOUT_RETURN_TYPE = YES_ERROR;
				GCC_WARN_UNDECLARED_SELECTOR = YES;
				GCC_WARN_UNINITIALIZED_AUTOS = YES_AGGRESSIVE;
				GCC_WARN_UNUSED_FUNCTION = YES;
				GCC_WARN_UNUSED_VARIABLE = YES;
				IPHONEOS_DEPLOYMENT_TARGET = 11.2;
				MTL_ENABLE_DEBUG_INFO = NO;
				SDKROOT = iphoneos;
				SWIFT_OPTIMIZATION_LEVEL = "-Owholemodule";
				VALIDATE_PRODUCT = YES;
			};
			name = Release;
		};
		B493256721F429BB00340800 /* Debug */ = {
			isa = XCBuildConfiguration;
			baseConfigurationReference = 014794AB019AEA8FA9828EA2 /* Pods-iBeer.debug.xcconfig */;
			buildSettings = {
				ASSETCATALOG_COMPILER_APPICON_NAME = AppIcon;
				CODE_SIGN_STYLE = Automatic;
				INFOPLIST_FILE = iBeer/Info.plist;
				LD_RUNPATH_SEARCH_PATHS = "$(inherited) @executable_path/Frameworks";
				PRODUCT_BUNDLE_IDENTIFIER = com.bebidas.iBeer;
				PRODUCT_NAME = "$(TARGET_NAME)";
				SWIFT_VERSION = 4.0;
				TARGETED_DEVICE_FAMILY = "1,2";
			};
			name = Debug;
		};
		B493256821F429BB00340800 /* Release */ = {
			isa = XCBuildConfiguration;
			baseConfigurationReference = AF0EBDB32B397FA8ACEBD24C /* Pods-iBeer.release.xcconfig */;
			buildSettings = {
				ASSETCATALOG_COMPILER_APPICON_NAME = AppIcon;
				CODE_SIGN_STYLE = Automatic;
				INFOPLIST_FILE = iBeer/Info.plist;
				LD_RUNPATH_SEARCH_PATHS = "$(inherited) @executable_path/Frameworks";
				PRODUCT_BUNDLE_IDENTIFIER = com.bebidas.iBeer;
				PRODUCT_NAME = "$(TARGET_NAME)";
				SWIFT_VERSION = 4.0;
				TARGETED_DEVICE_FAMILY = "1,2";
			};
			name = Release;
		};
/* End XCBuildConfiguration section */

/* Begin XCConfigurationList section */
		B493254F21F429BB00340800 /* Build configuration list for PBXProject "iBeer" */ = {
			isa = XCConfigurationList;
			buildConfigurations = (
				B493256421F429BB00340800 /* Debug */,
				B493256521F429BB00340800 /* Release */,
			);
			defaultConfigurationIsVisible = 0;
			defaultConfigurationName = Release;
		};
		B493256621F429BB00340800 /* Build configuration list for PBXNativeTarget "iBeer" */ = {
			isa = XCConfigurationList;
			buildConfigurations = (
				B493256721F429BB00340800 /* Debug */,
				B493256821F429BB00340800 /* Release */,
			);
			defaultConfigurationIsVisible = 0;
			defaultConfigurationName = Release;
		};
/* End XCConfigurationList section */
	};
	rootObject = B493254C21F429BB00340800 /* Project object */;
}
